
Microsoft Visual Studio Solution File, Format Version 12.00
# Visual Studio Version 17
VisualStudioVersion = 17.11.35222.181
MinimumVisualStudioVersion = 10.0.40219.1
Project("{FAE04EC0-301F-11D3-BF4B-00C04F79EFBC}") = "HowTo_DetectLongButtonPress", "HowTo_DetectLongButtonPress\HowTo_DetectLongButtonPress.csproj", "{E8CF07E5-F910-408A-B76E-2A79DBD28C27}"
EndProject
Global
	GlobalSection(SolutionConfigurationPlatforms) = preSolution
		Debug|Any CPU = Debug|Any CPU
		Release|Any CPU = Release|Any CPU
	EndGlobalSection
	GlobalSection(ProjectConfigurationPlatforms) = postSolution
		{E8CF07E5-F910-408A-B76E-2A79DBD28C27}.Debug|Any CPU.ActiveCfg = Debug|Any CPU
		{E8CF07E5-F910-408A-B76E-2A79DBD28C27}.Debug|Any CPU.Build.0 = Debug|Any CPU
		{E8CF07E5-F910-408A-B76E-2A79DBD28C27}.Release|Any CPU.ActiveCfg = Release|Any CPU
		{E8CF07E5-F910-408A-B76E-2A79DBD28C27}.Release|Any CPU.Build.0 = Release|Any CPU
	EndGlobalSection
	GlobalSection(SolutionProperties) = preSolution
		HideSolutionNode = FALSE
	EndGlobalSection
	GlobalSection(ExtensibilityGlobals) = postSolution
		SolutionGuid = {95A70AFA-4C29-4AF7-8484-A77788B8C1D9}
	EndGlobalSection
EndGlobal
